
Microsoft Visual Studio Solution File, Format Version 12.00
# Visual Studio Version 17
VisualStudioVersion = 17.5.002.0
MinimumVisualStudioVersion = 10.0.40219.1
Project("{2150E333-8FDC-42A3-9474-1A3956D46DE8}") = "Semana1", "Semana1", "{2F0E4FB6-EA90-4AF6-B715-26E74142B70B}"
EndProject
Project("{9A19103F-16F7-4668-BE54-9A1E7A4F7556}") = "MeuPrimeiroPrograma", "Semana1\MeuPrimeiroPrograma\MeuPrimeiroPrograma.csproj", "{02339B87-61F8-4090-8B50-C9AD54204E59}"
EndProject
Global
	GlobalSection(SolutionConfigurationPlatforms) = preSolution
		Debug|Any CPU = Debug|Any CPU
		Release|Any CPU = Release|Any CPU
	EndGlobalSection
	GlobalSection(ProjectConfigurationPlatforms) = postSolution
		{02339B87-61F8-4090-8B50-C9AD54204E59}.Debug|Any CPU.ActiveCfg = Debug|Any CPU
		{02339B87-61F8-4090-8B50-C9AD54204E59}.Debug|Any CPU.Build.0 = Debug|Any CPU
		{02339B87-61F8-4090-8B50-C9AD54204E59}.Release|Any CPU.ActiveCfg = Release|Any CPU
		{02339B87-61F8-4090-8B50-C9AD54204E59}.Release|Any CPU.Build.0 = Release|Any CPU
	EndGlobalSection
	GlobalSection(SolutionProperties) = preSolution
		HideSolutionNode = FALSE
	EndGlobalSection
	GlobalSection(NestedProjects) = preSolution
		{02339B87-61F8-4090-8B50-C9AD54204E59} = {2F0E4FB6-EA90-4AF6-B715-26E74142B70B}
	EndGlobalSection
	GlobalSection(ExtensibilityGlobals) = postSolution
		SolutionGuid = {CB35D085-189F-4469-9DFD-8B896F9713ED}
	EndGlobalSection
EndGlobal
